
Microsoft Visual Studio Solution File, Format Version 12.00
# Visual Studio Version 17
VisualStudioVersion = 17.3.32929.385
MinimumVisualStudioVersion = 10.0.40219.1
Project("{FAE04EC0-301F-11D3-BF4B-00C04F79EFBC}") = "DocTorOnline", "DocTorOnline\DocTorOnline.csproj", "{D90FEC94-AC36-4B83-8516-553DDA81F78D}"
EndProject
Global
	GlobalSection(SolutionConfigurationPlatforms) = preSolution
		Debug|Any CPU = Debug|Any CPU
		Release|Any CPU = Release|Any CPU
	EndGlobalSection
	GlobalSection(ProjectConfigurationPlatforms) = postSolution
		{D90FEC94-AC36-4B83-8516-553DDA81F78D}.Debug|Any CPU.ActiveCfg = Debug|Any CPU
		{D90FEC94-AC36-4B83-8516-553DDA81F78D}.Debug|Any CPU.Build.0 = Debug|Any CPU
		{D90FEC94-AC36-4B83-8516-553DDA81F78D}.Release|Any CPU.ActiveCfg = Release|Any CPU
		{D90FEC94-AC36-4B83-8516-553DDA81F78D}.Release|Any CPU.Build.0 = Release|Any CPU
	EndGlobalSection
	GlobalSection(SolutionProperties) = preSolution
		HideSolutionNode = FALSE
	EndGlobalSection
	GlobalSection(ExtensibilityGlobals) = postSolution
		SolutionGuid = {2CF6AF52-3228-48CA-8EA7-B0178EE7E71C}
	EndGlobalSection
EndGlobal
